// !$*UTF8*$!
{
	archiveVersion = 1;
	classes = {
	};
	objectVersion = 50;
	objects = {

/* Begin PBXBuildFile section */
		FC8659FC22AB8E85000F6160 /* AppDelegate.swift in Sources */ = {isa = PBXBuildFile; fileRef = FC8659FB22AB8E85000F6160 /* AppDelegate.swift */; };
		FC865A0122AB8E85000F6160 /* Main.storyboard in Resources */ = {isa = PBXBuildFile; fileRef = FC8659FF22AB8E85000F6160 /* Main.storyboard */; };
		FC865A0322AB8E86000F6160 /* Assets.xcassets in Resources */ = {isa = PBXBuildFile; fileRef = FC865A0222AB8E86000F6160 /* Assets.xcassets */; };
		FC865A0622AB8E86000F6160 /* LaunchScreen.storyboard in Resources */ = {isa = PBXBuildFile; fileRef = FC865A0422AB8E86000F6160 /* LaunchScreen.storyboard */; };
		FC865A1122AB8E86000F6160 /* ggumbang_iosTests.swift in Sources */ = {isa = PBXBuildFile; fileRef = FC865A1022AB8E86000F6160 /* ggumbang_iosTests.swift */; };
		FC865A1C22AB8E86000F6160 /* ggumbang_iosUITests.swift in Sources */ = {isa = PBXBuildFile; fileRef = FC865A1B22AB8E86000F6160 /* ggumbang_iosUITests.swift */; };
		FC865A2A22AB90E8000F6160 /* RequestedViewController.swift in Sources */ = {isa = PBXBuildFile; fileRef = FC865A2922AB90E8000F6160 /* RequestedViewController.swift */; };
		FC865A2C22AB919D000F6160 /* RequestedTableViewCell.swift in Sources */ = {isa = PBXBuildFile; fileRef = FC865A2B22AB919D000F6160 /* RequestedTableViewCell.swift */; };
		FC865A2E22AB9204000F6160 /* RequestedData.swift in Sources */ = {isa = PBXBuildFile; fileRef = FC865A2D22AB9204000F6160 /* RequestedData.swift */; };
		FC865A3022AB925D000F6160 /* Config.swift in Sources */ = {isa = PBXBuildFile; fileRef = FC865A2F22AB925D000F6160 /* Config.swift */; };
		FC865A3222AB92B3000F6160 /* Http.swift in Sources */ = {isa = PBXBuildFile; fileRef = FC865A3122AB92B3000F6160 /* Http.swift */; };
		FC865A3422AC1310000F6160 /* StartRequestViewController.swift in Sources */ = {isa = PBXBuildFile; fileRef = FC865A3322AC1310000F6160 /* StartRequestViewController.swift */; };
		FC865A3622AC149E000F6160 /* QuestionaireData.swift in Sources */ = {isa = PBXBuildFile; fileRef = FC865A3522AC149E000F6160 /* QuestionaireData.swift */; };
		FC865A3822ACB113000F6160 /* ReceivedViewController.swift in Sources */ = {isa = PBXBuildFile; fileRef = FC865A3722ACB113000F6160 /* ReceivedViewController.swift */; };
/* End PBXBuildFile section */

/* Begin PBXContainerItemProxy section */
		FC865A0D22AB8E86000F6160 /* PBXContainerItemProxy */ = {
			isa = PBXContainerItemProxy;
			containerPortal = FC8659F022AB8E85000F6160 /* Project object */;
			proxyType = 1;
			remoteGlobalIDString = FC8659F722AB8E85000F6160;
			remoteInfo = "ggumbang-ios";
		};
		FC865A1822AB8E86000F6160 /* PBXContainerItemProxy */ = {
			isa = PBXContainerItemProxy;
			containerPortal = FC8659F022AB8E85000F6160 /* Project object */;
			proxyType = 1;
			remoteGlobalIDString = FC8659F722AB8E85000F6160;
			remoteInfo = "ggumbang-ios";
		};
/* End PBXContainerItemProxy section */

/* Begin PBXFileReference section */
		FC8659F822AB8E85000F6160 /* ggumbang-ios.app */ = {isa = PBXFileReference; explicitFileType = wrapper.application; includeInIndex = 0; path = "ggumbang-ios.app"; sourceTree = BUILT_PRODUCTS_DIR; };
		FC8659FB22AB8E85000F6160 /* AppDelegate.swift */ = {isa = PBXFileReference; lastKnownFileType = sourcecode.swift; path = AppDelegate.swift; sourceTree = "<group>"; };
		FC865A0022AB8E85000F6160 /* Base */ = {isa = PBXFileReference; lastKnownFileType = file.storyboard; name = Base; path = Base.lproj/Main.storyboard; sourceTree = "<group>"; };
		FC865A0222AB8E86000F6160 /* Assets.xcassets */ = {isa = PBXFileReference; lastKnownFileType = folder.assetcatalog; path = Assets.xcassets; sourceTree = "<group>"; };
		FC865A0522AB8E86000F6160 /* Base */ = {isa = PBXFileReference; lastKnownFileType = file.storyboard; name = Base; path = Base.lproj/LaunchScreen.storyboard; sourceTree = "<group>"; };
		FC865A0722AB8E86000F6160 /* Info.plist */ = {isa = PBXFileReference; lastKnownFileType = text.plist.xml; path = Info.plist; sourceTree = "<group>"; };
		FC865A0C22AB8E86000F6160 /* ggumbang-iosTests.xctest */ = {isa = PBXFileReference; explicitFileType = wrapper.cfbundle; includeInIndex = 0; path = "ggumbang-iosTests.xctest"; sourceTree = BUILT_PRODUCTS_DIR; };
		FC865A1022AB8E86000F6160 /* ggumbang_iosTests.swift */ = {isa = PBXFileReference; lastKnownFileType = sourcecode.swift; path = ggumbang_iosTests.swift; sourceTree = "<group>"; };
		FC865A1222AB8E86000F6160 /* Info.plist */ = {isa = PBXFileReference; lastKnownFileType = text.plist.xml; path = Info.plist; sourceTree = "<group>"; };
		FC865A1722AB8E86000F6160 /* ggumbang-iosUITests.xctest */ = {isa = PBXFileReference; explicitFileType = wrapper.cfbundle; includeInIndex = 0; path = "ggumbang-iosUITests.xctest"; sourceTree = BUILT_PRODUCTS_DIR; };
		FC865A1B22AB8E86000F6160 /* ggumbang_iosUITests.swift */ = {isa = PBXFileReference; lastKnownFileType = sourcecode.swift; path = ggumbang_iosUITests.swift; sourceTree = "<group>"; };
		FC865A1D22AB8E86000F6160 /* Info.plist */ = {isa = PBXFileReference; lastKnownFileType = text.plist.xml; path = Info.plist; sourceTree = "<group>"; };
		FC865A2922AB90E8000F6160 /* RequestedViewController.swift */ = {isa = PBXFileReference; lastKnownFileType = sourcecode.swift; path = RequestedViewController.swift; sourceTree = "<group>"; };
		FC865A2B22AB919D000F6160 /* RequestedTableViewCell.swift */ = {isa = PBXFileReference; lastKnownFileType = sourcecode.swift; path = RequestedTableViewCell.swift; sourceTree = "<group>"; };
		FC865A2D22AB9204000F6160 /* RequestedData.swift */ = {isa = PBXFileReference; lastKnownFileType = sourcecode.swift; path = RequestedData.swift; sourceTree = "<group>"; };
		FC865A2F22AB925D000F6160 /* Config.swift */ = {isa = PBXFileReference; lastKnownFileType = sourcecode.swift; path = Config.swift; sourceTree = "<group>"; };
		FC865A3122AB92B3000F6160 /* Http.swift */ = {isa = PBXFileReference; lastKnownFileType = sourcecode.swift; path = Http.swift; sourceTree = "<group>"; };
		FC865A3322AC1310000F6160 /* StartRequestViewController.swift */ = {isa = PBXFileReference; lastKnownFileType = sourcecode.swift; path = StartRequestViewController.swift; sourceTree = "<group>"; };
		FC865A3522AC149E000F6160 /* QuestionaireData.swift */ = {isa = PBXFileReference; lastKnownFileType = sourcecode.swift; path = QuestionaireData.swift; sourceTree = "<group>"; };
		FC865A3722ACB113000F6160 /* ReceivedViewController.swift */ = {isa = PBXFileReference; lastKnownFileType = sourcecode.swift; path = ReceivedViewController.swift; sourceTree = "<group>"; };
/* End PBXFileReference section */

/* Begin PBXFrameworksBuildPhase section */
		FC8659F522AB8E85000F6160 /* Frameworks */ = {
			isa = PBXFrameworksBuildPhase;
			buildActionMask = 2147483647;
			files = (
			);
			runOnlyForDeploymentPostprocessing = 0;
		};
		FC865A0922AB8E86000F6160 /* Frameworks */ = {
			isa = PBXFrameworksBuildPhase;
			buildActionMask = 2147483647;
			files = (
			);
			runOnlyForDeploymentPostprocessing = 0;
		};
		FC865A1422AB8E86000F6160 /* Frameworks */ = {
			isa = PBXFrameworksBuildPhase;
			buildActionMask = 2147483647;
			files = (
			);
			runOnlyForDeploymentPostprocessing = 0;
		};
/* End PBXFrameworksBuildPhase section */

/* Begin PBXGroup section */
		FC8659EF22AB8E85000F6160 = {
			isa = PBXGroup;
			children = (
				FC8659FA22AB8E85000F6160 /* ggumbang-ios */,
				FC865A0F22AB8E86000F6160 /* ggumbang-iosTests */,
				FC865A1A22AB8E86000F6160 /* ggumbang-iosUITests */,
				FC8659F922AB8E85000F6160 /* Products */,
			);
			sourceTree = "<group>";
		};
		FC8659F922AB8E85000F6160 /* Products */ = {
			isa = PBXGroup;
			children = (
				FC8659F822AB8E85000F6160 /* ggumbang-ios.app */,
				FC865A0C22AB8E86000F6160 /* ggumbang-iosTests.xctest */,
				FC865A1722AB8E86000F6160 /* ggumbang-iosUITests.xctest */,
			);
			name = Products;
			sourceTree = "<group>";
		};
		FC8659FA22AB8E85000F6160 /* ggumbang-ios */ = {
			isa = PBXGroup;
			children = (
				FC8659FB22AB8E85000F6160 /* AppDelegate.swift */,
				FC8659FF22AB8E85000F6160 /* Main.storyboard */,
				FC865A3322AC1310000F6160 /* StartRequestViewController.swift */,
				FC865A0222AB8E86000F6160 /* Assets.xcassets */,
				FC865A0422AB8E86000F6160 /* LaunchScreen.storyboard */,
				FC865A0722AB8E86000F6160 /* Info.plist */,
				FC865A2922AB90E8000F6160 /* RequestedViewController.swift */,
				FC865A2B22AB919D000F6160 /* RequestedTableViewCell.swift */,
				FC865A2D22AB9204000F6160 /* RequestedData.swift */,
				FC865A2F22AB925D000F6160 /* Config.swift */,
				FC865A3122AB92B3000F6160 /* Http.swift */,
				FC865A3522AC149E000F6160 /* QuestionaireData.swift */,
				FC865A3722ACB113000F6160 /* ReceivedViewController.swift */,
			);
			path = "ggumbang-ios";
			sourceTree = "<group>";
		};
		FC865A0F22AB8E86000F6160 /* ggumbang-iosTests */ = {
			isa = PBXGroup;
			children = (
				FC865A1022AB8E86000F6160 /* ggumbang_iosTests.swift */,
				FC865A1222AB8E86000F6160 /* Info.plist */,
			);
			path = "ggumbang-iosTests";
			sourceTree = "<group>";
		};
		FC865A1A22AB8E86000F6160 /* ggumbang-iosUITests */ = {
			isa = PBXGroup;
			children = (
				FC865A1B22AB8E86000F6160 /* ggumbang_iosUITests.swift */,
				FC865A1D22AB8E86000F6160 /* Info.plist */,
			);
			path = "ggumbang-iosUITests";
			sourceTree = "<group>";
		};
/* End PBXGroup section */

/* Begin PBXNativeTarget section */
		FC8659F722AB8E85000F6160 /* ggumbang-ios */ = {
			isa = PBXNativeTarget;
			buildConfigurationList = FC865A2022AB8E86000F6160 /* Build configuration list for PBXNativeTarget "ggumbang-ios" */;
			buildPhases = (
				FC8659F422AB8E85000F6160 /* Sources */,
				FC8659F522AB8E85000F6160 /* Frameworks */,
				FC8659F622AB8E85000F6160 /* Resources */,
			);
			buildRules = (
			);
			dependencies = (
			);
			name = "ggumbang-ios";
			productName = "ggumbang-ios";
			productReference = FC8659F822AB8E85000F6160 /* ggumbang-ios.app */;
			productType = "com.apple.product-type.application";
		};
		FC865A0B22AB8E86000F6160 /* ggumbang-iosTests */ = {
			isa = PBXNativeTarget;
			buildConfigurationList = FC865A2322AB8E86000F6160 /* Build configuration list for PBXNativeTarget "ggumbang-iosTests" */;
			buildPhases = (
				FC865A0822AB8E86000F6160 /* Sources */,
				FC865A0922AB8E86000F6160 /* Frameworks */,
				FC865A0A22AB8E86000F6160 /* Resources */,
			);
			buildRules = (
			);
			dependencies = (
				FC865A0E22AB8E86000F6160 /* PBXTargetDependency */,
			);
			name = "ggumbang-iosTests";
			productName = "ggumbang-iosTests";
			productReference = FC865A0C22AB8E86000F6160 /* ggumbang-iosTests.xctest */;
			productType = "com.apple.product-type.bundle.unit-test";
		};
		FC865A1622AB8E86000F6160 /* ggumbang-iosUITests */ = {
			isa = PBXNativeTarget;
			buildConfigurationList = FC865A2622AB8E86000F6160 /* Build configuration list for PBXNativeTarget "ggumbang-iosUITests" */;
			buildPhases = (
				FC865A1322AB8E86000F6160 /* Sources */,
				FC865A1422AB8E86000F6160 /* Frameworks */,
				FC865A1522AB8E86000F6160 /* Resources */,
			);
			buildRules = (
			);
			dependencies = (
				FC865A1922AB8E86000F6160 /* PBXTargetDependency */,
			);
			name = "ggumbang-iosUITests";
			productName = "ggumbang-iosUITests";
			productReference = FC865A1722AB8E86000F6160 /* ggumbang-iosUITests.xctest */;
			productType = "com.apple.product-type.bundle.ui-testing";
		};
/* End PBXNativeTarget section */

/* Begin PBXProject section */
		FC8659F022AB8E85000F6160 /* Project object */ = {
			isa = PBXProject;
			attributes = {
				LastSwiftUpdateCheck = 1020;
				LastUpgradeCheck = 1020;
				ORGANIZATIONNAME = 6londe;
				TargetAttributes = {
					FC8659F722AB8E85000F6160 = {
						CreatedOnToolsVersion = 10.2.1;
					};
					FC865A0B22AB8E86000F6160 = {
						CreatedOnToolsVersion = 10.2.1;
						TestTargetID = FC8659F722AB8E85000F6160;
					};
					FC865A1622AB8E86000F6160 = {
						CreatedOnToolsVersion = 10.2.1;
						TestTargetID = FC8659F722AB8E85000F6160;
					};
				};
			};
			buildConfigurationList = FC8659F322AB8E85000F6160 /* Build configuration list for PBXProject "ggumbang-ios" */;
			compatibilityVersion = "Xcode 9.3";
			developmentRegion = en;
			hasScannedForEncodings = 0;
			knownRegions = (
				en,
				Base,
			);
			mainGroup = FC8659EF22AB8E85000F6160;
			productRefGroup = FC8659F922AB8E85000F6160 /* Products */;
			projectDirPath = "";
			projectRoot = "";
			targets = (
				FC8659F722AB8E85000F6160 /* ggumbang-ios */,
				FC865A0B22AB8E86000F6160 /* ggumbang-iosTests */,
				FC865A1622AB8E86000F6160 /* ggumbang-iosUITests */,
			);
		};
/* End PBXProject section */

/* Begin PBXResourcesBuildPhase section */
		FC8659F622AB8E85000F6160 /* Resources */ = {
			isa = PBXResourcesBuildPhase;
			buildActionMask = 2147483647;
			files = (
				FC865A0622AB8E86000F6160 /* LaunchScreen.storyboard in Resources */,
				FC865A0322AB8E86000F6160 /* Assets.xcassets in Resources */,
				FC865A0122AB8E85000F6160 /* Main.storyboard in Resources */,
			);
			runOnlyForDeploymentPostprocessing = 0;
		};
		FC865A0A22AB8E86000F6160 /* Resources */ = {
			isa = PBXResourcesBuildPhase;
			buildActionMask = 2147483647;
			files = (
			);
			runOnlyForDeploymentPostprocessing = 0;
		};
		FC865A1522AB8E86000F6160 /* Resources */ = {
			isa = PBXResourcesBuildPhase;
			buildActionMask = 2147483647;
			files = (
			);
			runOnlyForDeploymentPostprocessing = 0;
		};
/* End PBXResourcesBuildPhase section */

/* Begin PBXSourcesBuildPhase section */
		FC8659F422AB8E85000F6160 /* Sources */ = {
			isa = PBXSourcesBuildPhase;
			buildActionMask = 2147483647;
			files = (
				FC8659FC22AB8E85000F6160 /* AppDelegate.swift in Sources */,
				FC865A2C22AB919D000F6160 /* RequestedTableViewCell.swift in Sources */,
				FC865A3422AC1310000F6160 /* StartRequestViewController.swift in Sources */,
				FC865A3022AB925D000F6160 /* Config.swift in Sources */,
				FC865A3622AC149E000F6160 /* QuestionaireData.swift in Sources */,
				FC865A2A22AB90E8000F6160 /* RequestedViewController.swift in Sources */,
				FC865A2E22AB9204000F6160 /* RequestedData.swift in Sources */,
				FC865A3822ACB113000F6160 /* ReceivedViewController.swift in Sources */,
				FC865A3222AB92B3000F6160 /* Http.swift in Sources */,
			);
			runOnlyForDeploymentPostprocessing = 0;
		};
		FC865A0822AB8E86000F6160 /* Sources */ = {
			isa = PBXSourcesBuildPhase;
			buildActionMask = 2147483647;
			files = (
				FC865A1122AB8E86000F6160 /* ggumbang_iosTests.swift in Sources */,
			);
			runOnlyForDeploymentPostprocessing = 0;
		};
		FC865A1322AB8E86000F6160 /* Sources */ = {
			isa = PBXSourcesBuildPhase;
			buildActionMask = 2147483647;
			files = (
				FC865A1C22AB8E86000F6160 /* ggumbang_iosUITests.swift in Sources */,
			);
			runOnlyForDeploymentPostprocessing = 0;
		};
/* End PBXSourcesBuildPhase section */

/* Begin PBXTargetDependency section */
		FC865A0E22AB8E86000F6160 /* PBXTargetDependency */ = {
			isa = PBXTargetDependency;
			target = FC8659F722AB8E85000F6160 /* ggumbang-ios */;
			targetProxy = FC865A0D22AB8E86000F6160 /* PBXContainerItemProxy */;
		};
		FC865A1922AB8E86000F6160 /* PBXTargetDependency */ = {
			isa = PBXTargetDependency;
			target = FC8659F722AB8E85000F6160 /* ggumbang-ios */;
			targetProxy = FC865A1822AB8E86000F6160 /* PBXContainerItemProxy */;
		};
/* End PBXTargetDependency section */

/* Begin PBXVariantGroup section */
		FC8659FF22AB8E85000F6160 /* Main.storyboard */ = {
			isa = PBXVariantGroup;
			children = (
				FC865A0022AB8E85000F6160 /* Base */,
			);
			name = Main.storyboard;
			sourceTree = "<group>";
		};
		FC865A0422AB8E86000F6160 /* LaunchScreen.storyboard */ = {
			isa = PBXVariantGroup;
			children = (
				FC865A0522AB8E86000F6160 /* Base */,
			);
			name = LaunchScreen.storyboard;
			sourceTree = "<group>";
		};
/* End PBXVariantGroup section */

/* Begin XCBuildConfiguration section */
		FC865A1E22AB8E86000F6160 /* Debug */ = {
			isa = XCBuildConfiguration;
			buildSettings = {
				ALWAYS_SEARCH_USER_PATHS = NO;
				CLANG_ANALYZER_NONNULL = YES;
				CLANG_ANALYZER_NUMBER_OBJECT_CONVERSION = YES_AGGRESSIVE;
				CLANG_CXX_LANGUAGE_STANDARD = "gnu++14";
				CLANG_CXX_LIBRARY = "libc++";
				CLANG_ENABLE_MODULES = YES;
				CLANG_ENABLE_OBJC_ARC = YES;
				CLANG_ENABLE_OBJC_WEAK = YES;
				CLANG_WARN_BLOCK_CAPTURE_AUTORELEASING = YES;
				CLANG_WARN_BOOL_CONVERSION = YES;
				CLANG_WARN_COMMA = YES;
				CLANG_WARN_CONSTANT_CONVERSION = YES;
				CLANG_WARN_DEPRECATED_OBJC_IMPLEMENTATIONS = YES;
				CLANG_WARN_DIRECT_OBJC_ISA_USAGE = YES_ERROR;
				CLANG_WARN_DOCUMENTATION_COMMENTS = YES;
				CLANG_WARN_EMPTY_BODY = YES;
				CLANG_WARN_ENUM_CONVERSION = YES;
				CLANG_WARN_INFINITE_RECURSION = YES;
				CLANG_WARN_INT_CONVERSION = YES;
				CLANG_WARN_NON_LITERAL_NULL_CONVERSION = YES;
				CLANG_WARN_OBJC_IMPLICIT_RETAIN_SELF = YES;
				CLANG_WARN_OBJC_LITERAL_CONVERSION = YES;
				CLANG_WARN_OBJC_ROOT_CLASS = YES_ERROR;
				CLANG_WARN_RANGE_LOOP_ANALYSIS = YES;
				CLANG_WARN_STRICT_PROTOTYPES = YES;
				CLANG_WARN_SUSPICIOUS_MOVE = YES;
				CLANG_WARN_UNGUARDED_AVAILABILITY = YES_AGGRESSIVE;
				CLANG_WARN_UNREACHABLE_CODE = YES;
				CLANG_WARN__DUPLICATE_METHOD_MATCH = YES;
				CODE_SIGN_IDENTITY = "iPhone Developer";
				COPY_PHASE_STRIP = NO;
				DEBUG_INFORMATION_FORMAT = dwarf;
				ENABLE_STRICT_OBJC_MSGSEND = YES;
				ENABLE_TESTABILITY = YES;
				GCC_C_LANGUAGE_STANDARD = gnu11;
				GCC_DYNAMIC_NO_PIC = NO;
				GCC_NO_COMMON_BLOCKS = YES;
				GCC_OPTIMIZATION_LEVEL = 0;
				GCC_PREPROCESSOR_DEFINITIONS = (
					"DEBUG=1",
					"$(inherited)",
				);
				GCC_WARN_64_TO_32_BIT_CONVERSION = YES;
				GCC_WARN_ABOUT_RETURN_TYPE = YES_ERROR;
				GCC_WARN_UNDECLARED_SELECTOR = YES;
				GCC_WARN_UNINITIALIZED_AUTOS = YES_AGGRESSIVE;
				GCC_WARN_UNUSED_FUNCTION = YES;
				GCC_WARN_UNUSED_VARIABLE = YES;
				IPHONEOS_DEPLOYMENT_TARGET = 12.2;
				MTL_ENABLE_DEBUG_INFO = INCLUDE_SOURCE;
				MTL_FAST_MATH = YES;
				ONLY_ACTIVE_ARCH = YES;
				SDKROOT = iphoneos;
				SWIFT_ACTIVE_COMPILATION_CONDITIONS = DEBUG;
				SWIFT_OPTIMIZATION_LEVEL = "-Onone";
			};
			name = Debug;
		};
		FC865A1F22AB8E86000F6160 /* Release */ = {
			isa = XCBuildConfiguration;
			buildSettings = {
				ALWAYS_SEARCH_USER_PATHS = NO;
				CLANG_ANALYZER_NONNULL = YES;
				CLANG_ANALYZER_NUMBER_OBJECT_CONVERSION = YES_AGGRESSIVE;
				CLANG_CXX_LANGUAGE_STANDARD = "gnu++14";
				CLANG_CXX_LIBRARY = "libc++";
				CLANG_ENABLE_MODULES = YES;
				CLANG_ENABLE_OBJC_ARC = YES;
				CLANG_ENABLE_OBJC_WEAK = YES;
				CLANG_WARN_BLOCK_CAPTURE_AUTORELEASING = YES;
				CLANG_WARN_BOOL_CONVERSION = YES;
				CLANG_WARN_COMMA = YES;
				CLANG_WARN_CONSTANT_CONVERSION = YES;
				CLANG_WARN_DEPRECATED_OBJC_IMPLEMENTATIONS = YES;
				CLANG_WARN_DIRECT_OBJC_ISA_USAGE = YES_ERROR;
				CLANG_WARN_DOCUMENTATION_COMMENTS = YES;
				CLANG_WARN_EMPTY_BODY = YES;
				CLANG_WARN_ENUM_CONVERSION = YES;
				CLANG_WARN_INFINITE_RECURSION = YES;
				CLANG_WARN_INT_CONVERSION = YES;
				CLANG_WARN_NON_LITERAL_NULL_CONVERSION = YES;
				CLANG_WARN_OBJC_IMPLICIT_RETAIN_SELF = YES;
				CLANG_WARN_OBJC_LITERAL_CONVERSION = YES;
				CLANG_WARN_OBJC_ROOT_CLASS = YES_ERROR;
				CLANG_WARN_RANGE_LOOP_ANALYSIS = YES;
				CLANG_WARN_STRICT_PROTOTYPES = YES;
				CLANG_WARN_SUSPICIOUS_MOVE = YES;
				CLANG_WARN_UNGUARDED_AVAILABILITY = YES_AGGRESSIVE;
				CLANG_WARN_UNREACHABLE_CODE = YES;
				CLANG_WARN__DUPLICATE_METHOD_MATCH = YES;
				CODE_SIGN_IDENTITY = "iPhone Developer";
				COPY_PHASE_STRIP = NO;
				DEBUG_INFORMATION_FORMAT = "dwarf-with-dsym";
				ENABLE_NS_ASSERTIONS = NO;
				ENABLE_STRICT_OBJC_MSGSEND = YES;
				GCC_C_LANGUAGE_STANDARD = gnu11;
				GCC_NO_COMMON_BLOCKS = YES;
				GCC_WARN_64_TO_32_BIT_CONVERSION = YES;
				GCC_WARN_ABOUT_RETURN_TYPE = YES_ERROR;
				GCC_WARN_UNDECLARED_SELECTOR = YES;
				GCC_WARN_UNINITIALIZED_AUTOS = YES_AGGRESSIVE;
				GCC_WARN_UNUSED_FUNCTION = YES;
				GCC_WARN_UNUSED_VARIABLE = YES;
				IPHONEOS_DEPLOYMENT_TARGET = 12.2;
				MTL_ENABLE_DEBUG_INFO = NO;
				MTL_FAST_MATH = YES;
				SDKROOT = iphoneos;
				SWIFT_COMPILATION_MODE = wholemodule;
				SWIFT_OPTIMIZATION_LEVEL = "-O";
				VALIDATE_PRODUCT = YES;
			};
			name = Release;
		};
		FC865A2122AB8E86000F6160 /* Debug */ = {
			isa = XCBuildConfiguration;
			buildSettings = {
				ASSETCATALOG_COMPILER_APPICON_NAME = AppIcon;
				CODE_SIGN_STYLE = Automatic;
				INFOPLIST_FILE = "ggumbang-ios/Info.plist";
				LD_RUNPATH_SEARCH_PATHS = (
					"$(inherited)",
					"@executable_path/Frameworks",
				);
				PRODUCT_BUNDLE_IDENTIFIER = "com.6londe.ggumbang-ios";
				PRODUCT_NAME = "$(TARGET_NAME)";
				SWIFT_VERSION = 5.0;
				TARGETED_DEVICE_FAMILY = "1,2";
			};
			name = Debug;
		};
		FC865A2222AB8E86000F6160 /* Release */ = {
			isa = XCBuildConfiguration;
			buildSettings = {
				ASSETCATALOG_COMPILER_APPICON_NAME = AppIcon;
				CODE_SIGN_STYLE = Automatic;
				INFOPLIST_FILE = "ggumbang-ios/Info.plist";
				LD_RUNPATH_SEARCH_PATHS = (
					"$(inherited)",
					"@executable_path/Frameworks",
				);
				PRODUCT_BUNDLE_IDENTIFIER = "com.6londe.ggumbang-ios";
				PRODUCT_NAME = "$(TARGET_NAME)";
				SWIFT_VERSION = 5.0;
				TARGETED_DEVICE_FAMILY = "1,2";
			};
			name = Release;
		};
		FC865A2422AB8E86000F6160 /* Debug */ = {
			isa = XCBuildConfiguration;
			buildSettings = {
				ALWAYS_EMBED_SWIFT_STANDARD_LIBRARIES = YES;
				BUNDLE_LOADER = "$(TEST_HOST)";
				CODE_SIGN_STYLE = Automatic;
				INFOPLIST_FILE = "ggumbang-iosTests/Info.plist";
				LD_RUNPATH_SEARCH_PATHS = (
					"$(inherited)",
					"@executable_path/Frameworks",
					"@loader_path/Frameworks",
				);
				PRODUCT_BUNDLE_IDENTIFIER = "com.6londe.ggumbang-iosTests";
				PRODUCT_NAME = "$(TARGET_NAME)";
				SWIFT_VERSION = 5.0;
				TARGETED_DEVICE_FAMILY = "1,2";
				TEST_HOST = "$(BUILT_PRODUCTS_DIR)/ggumbang-ios.app/ggumbang-ios";
			};
			name = Debug;
		};
		FC865A2522AB8E86000F6160 /* Release */ = {
			isa = XCBuildConfiguration;
			buildSettings = {
				ALWAYS_EMBED_SWIFT_STANDARD_LIBRARIES = YES;
				BUNDLE_LOADER = "$(TEST_HOST)";
				CODE_SIGN_STYLE = Automatic;
				INFOPLIST_FILE = "ggumbang-iosTests/Info.plist";
				LD_RUNPATH_SEARCH_PATHS = (
					"$(inherited)",
					"@executable_path/Frameworks",
					"@loader_path/Frameworks",
				);
				PRODUCT_BUNDLE_IDENTIFIER = "com.6londe.ggumbang-iosTests";
				PRODUCT_NAME = "$(TARGET_NAME)";
				SWIFT_VERSION = 5.0;
				TARGETED_DEVICE_FAMILY = "1,2";
				TEST_HOST = "$(BUILT_PRODUCTS_DIR)/ggumbang-ios.app/ggumbang-ios";
			};
			name = Release;
		};
		FC865A2722AB8E86000F6160 /* Debug */ = {
			isa = XCBuildConfiguration;
			buildSettings = {
				ALWAYS_EMBED_SWIFT_STANDARD_LIBRARIES = YES;
				CODE_SIGN_STYLE = Automatic;
				INFOPLIST_FILE = "ggumbang-iosUITests/Info.plist";
				LD_RUNPATH_SEARCH_PATHS = (
					"$(inherited)",
					"@executable_path/Frameworks",
					"@loader_path/Frameworks",
				);
				PRODUCT_BUNDLE_IDENTIFIER = "com.6londe.ggumbang-iosUITests";
				PRODUCT_NAME = "$(TARGET_NAME)";
				SWIFT_VERSION = 5.0;
				TARGETED_DEVICE_FAMILY = "1,2";
				TEST_TARGET_NAME = "ggumbang-ios";
			};
			name = Debug;
		};
		FC865A2822AB8E86000F6160 /* Release */ = {
			isa = XCBuildConfiguration;
			buildSettings = {
				ALWAYS_EMBED_SWIFT_STANDARD_LIBRARIES = YES;
				CODE_SIGN_STYLE = Automatic;
				INFOPLIST_FILE = "ggumbang-iosUITests/Info.plist";
				LD_RUNPATH_SEARCH_PATHS = (
					"$(inherited)",
					"@executable_path/Frameworks",
					"@loader_path/Frameworks",
				);
				PRODUCT_BUNDLE_IDENTIFIER = "com.6londe.ggumbang-iosUITests";
				PRODUCT_NAME = "$(TARGET_NAME)";
				SWIFT_VERSION = 5.0;
				TARGETED_DEVICE_FAMILY = "1,2";
				TEST_TARGET_NAME = "ggumbang-ios";
			};
			name = Release;
		};
/* End XCBuildConfiguration section */

/* Begin XCConfigurationList section */
		FC8659F322AB8E85000F6160 /* Build configuration list for PBXProject "ggumbang-ios" */ = {
			isa = XCConfigurationList;
			buildConfigurations = (
				FC865A1E22AB8E86000F6160 /* Debug */,
				FC865A1F22AB8E86000F6160 /* Release */,
			);
			defaultConfigurationIsVisible = 0;
			defaultConfigurationName = Release;
		};
		FC865A2022AB8E86000F6160 /* Build configuration list for PBXNativeTarget "ggumbang-ios" */ = {
			isa = XCConfigurationList;
			buildConfigurations = (
				FC865A2122AB8E86000F6160 /* Debug */,
				FC865A2222AB8E86000F6160 /* Release */,
			);
			defaultConfigurationIsVisible = 0;
			defaultConfigurationName = Release;
		};
		FC865A2322AB8E86000F6160 /* Build configuration list for PBXNativeTarget "ggumbang-iosTests" */ = {
			isa = XCConfigurationList;
			buildConfigurations = (
				FC865A2422AB8E86000F6160 /* Debug */,
				FC865A2522AB8E86000F6160 /* Release */,
			);
			defaultConfigurationIsVisible = 0;
			defaultConfigurationName = Release;
		};
		FC865A2622AB8E86000F6160 /* Build configuration list for PBXNativeTarget "ggumbang-iosUITests" */ = {
			isa = XCConfigurationList;
			buildConfigurations = (
				FC865A2722AB8E86000F6160 /* Debug */,
				FC865A2822AB8E86000F6160 /* Release */,
			);
			defaultConfigurationIsVisible = 0;
			defaultConfigurationName = Release;
		};
/* End XCConfigurationList section */
	};
	rootObject = FC8659F022AB8E85000F6160 /* Project object */;
}
